
Microsoft Visual Studio Solution File, Format Version 12.00
# Visual Studio Version 17
VisualStudioVersion = 17.1.32228.430
MinimumVisualStudioVersion = 10.0.40219.1
Project("{FAE04EC0-301F-11D3-BF4B-00C04F79EFBC}") = "UDP-Grafiti-Wall", "UDP-Grafiti-Wall.csproj", "{F09F0714-4C7C-44E3-B969-7BDA90198EA1}"
EndProject
Global
	GlobalSection(SolutionConfigurationPlatforms) = preSolution
		Debug|Any CPU = Debug|Any CPU
		Release|Any CPU = Release|Any CPU
	EndGlobalSection
	GlobalSection(ProjectConfigurationPlatforms) = postSolution
		{F09F0714-4C7C-44E3-B969-7BDA90198EA1}.Debug|Any CPU.ActiveCfg = Debug|Any CPU
		{F09F0714-4C7C-44E3-B969-7BDA90198EA1}.Debug|Any CPU.Build.0 = Debug|Any CPU
		{F09F0714-4C7C-44E3-B969-7BDA90198EA1}.Release|Any CPU.ActiveCfg = Release|Any CPU
		{F09F0714-4C7C-44E3-B969-7BDA90198EA1}.Release|Any CPU.Build.0 = Release|Any CPU
	EndGlobalSection
	GlobalSection(SolutionProperties) = preSolution
		HideSolutionNode = FALSE
	EndGlobalSection
	GlobalSection(ExtensibilityGlobals) = postSolution
		SolutionGuid = {BDEBB656-B6E6-4098-AFC2-B83A5CA542F5}
	EndGlobalSection
EndGlobal
